// !$*UTF8*$!
{
	archiveVersion = 1;
	classes = {
	};
	objectVersion = 48;
	objects = {

/* Begin PBXBuildFile section */
		1885EEEC1FA077B200DEBAF8 /* PromiseKit.framework in Frameworks */ = {isa = PBXBuildFile; fileRef = 1885EEEB1FA0770500DEBAF8 /* PromiseKit.framework */; };
		18C2035C1F921BD600F99FB4 /* AppDelegate.swift in Sources */ = {isa = PBXBuildFile; fileRef = 18C2035B1F921BD600F99FB4 /* AppDelegate.swift */; };
		18C2035E1F921BD600F99FB4 /* ViewController.swift in Sources */ = {isa = PBXBuildFile; fileRef = 18C2035D1F921BD600F99FB4 /* ViewController.swift */; };
		18C203611F921BD600F99FB4 /* Main.storyboard in Resources */ = {isa = PBXBuildFile; fileRef = 18C2035F1F921BD600F99FB4 /* Main.storyboard */; };
		18C203631F921BD600F99FB4 /* Assets.xcassets in Resources */ = {isa = PBXBuildFile; fileRef = 18C203621F921BD600F99FB4 /* Assets.xcassets */; };
		18C203661F921BD600F99FB4 /* LaunchScreen.storyboard in Resources */ = {isa = PBXBuildFile; fileRef = 18C203641F921BD600F99FB4 /* LaunchScreen.storyboard */; };
		F098D120D4E149EF407E5F53 /* Pods_Vison_PickerOriginalImage.framework in Frameworks */ = {isa = PBXBuildFile; fileRef = 8DC2F3D35ED4870C9405BC1D /* Pods_Vison_PickerOriginalImage.framework */; };
/* End PBXBuildFile section */

/* Begin PBXFileReference section */
		1885EEEB1FA0770500DEBAF8 /* PromiseKit.framework */ = {isa = PBXFileReference; explicitFileType = wrapper.framework; path = PromiseKit.framework; sourceTree = BUILT_PRODUCTS_DIR; };
		18C203581F921BD600F99FB4 /* Vison+PickerOriginalImage.app */ = {isa = PBXFileReference; explicitFileType = wrapper.application; includeInIndex = 0; path = "Vison+PickerOriginalImage.app"; sourceTree = BUILT_PRODUCTS_DIR; };
		18C2035B1F921BD600F99FB4 /* AppDelegate.swift */ = {isa = PBXFileReference; lastKnownFileType = sourcecode.swift; path = AppDelegate.swift; sourceTree = "<group>"; };
		18C2035D1F921BD600F99FB4 /* ViewController.swift */ = {isa = PBXFileReference; lastKnownFileType = sourcecode.swift; path = ViewController.swift; sourceTree = "<group>"; };
		18C203601F921BD600F99FB4 /* Base */ = {isa = PBXFileReference; lastKnownFileType = file.storyboard; name = Base; path = Base.lproj/Main.storyboard; sourceTree = "<group>"; };
		18C203621F921BD600F99FB4 /* Assets.xcassets */ = {isa = PBXFileReference; lastKnownFileType = folder.assetcatalog; path = Assets.xcassets; sourceTree = "<group>"; };
		18C203651F921BD600F99FB4 /* Base */ = {isa = PBXFileReference; lastKnownFileType = file.storyboard; name = Base; path = Base.lproj/LaunchScreen.storyboard; sourceTree = "<group>"; };
		18C203671F921BD600F99FB4 /* Info.plist */ = {isa = PBXFileReference; lastKnownFileType = text.plist.xml; path = Info.plist; sourceTree = "<group>"; };
		2BC1FBF5196B4A0BB80EF185 /* Pods-Vison+PickerOriginalImage.release.xcconfig */ = {isa = PBXFileReference; includeInIndex = 1; lastKnownFileType = text.xcconfig; name = "Pods-Vison+PickerOriginalImage.release.xcconfig"; path = "Pods/Target Support Files/Pods-Vison+PickerOriginalImage/Pods-Vison+PickerOriginalImage.release.xcconfig"; sourceTree = "<group>"; };
		814DF3CE2F27D80FEC5EB15A /* Pods-Vison+PickerOriginalImage.debug.xcconfig */ = {isa = PBXFileReference; includeInIndex = 1; lastKnownFileType = text.xcconfig; name = "Pods-Vison+PickerOriginalImage.debug.xcconfig"; path = "Pods/Target Support Files/Pods-Vison+PickerOriginalImage/Pods-Vison+PickerOriginalImage.debug.xcconfig"; sourceTree = "<group>"; };
		8DC2F3D35ED4870C9405BC1D /* Pods_Vison_PickerOriginalImage.framework */ = {isa = PBXFileReference; explicitFileType = wrapper.framework; includeInIndex = 0; path = Pods_Vison_PickerOriginalImage.framework; sourceTree = BUILT_PRODUCTS_DIR; };
/* End PBXFileReference section */

/* Begin PBXFrameworksBuildPhase section */
		18C203551F921BD600F99FB4 /* Frameworks */ = {
			isa = PBXFrameworksBuildPhase;
			buildActionMask = 2147483647;
			files = (
				F098D120D4E149EF407E5F53 /* Pods_Vison_PickerOriginalImage.framework in Frameworks */,
				1885EEEC1FA077B200DEBAF8 /* PromiseKit.framework in Frameworks */,
			);
			runOnlyForDeploymentPostprocessing = 0;
		};
/* End PBXFrameworksBuildPhase section */

/* Begin PBXGroup section */
		1169B3956AD9F7D88AB672CF /* Frameworks */ = {
			isa = PBXGroup;
			children = (
				1885EEEB1FA0770500DEBAF8 /* PromiseKit.framework */,
				8DC2F3D35ED4870C9405BC1D /* Pods_Vison_PickerOriginalImage.framework */,
			);
			name = Frameworks;
			sourceTree = "<group>";
		};
		18C2034F1F921BD600F99FB4 = {
			isa = PBXGroup;
			children = (
				18C2035A1F921BD600F99FB4 /* Vison+PickerOriginalImage */,
				18C203591F921BD600F99FB4 /* Products */,
				5268D2909FB70571E6346467 /* Pods */,
				1169B3956AD9F7D88AB672CF /* Frameworks */,
			);
			sourceTree = "<group>";
		};
		18C203591F921BD600F99FB4 /* Products */ = {
			isa = PBXGroup;
			children = (
				18C203581F921BD600F99FB4 /* Vison+PickerOriginalImage.app */,
			);
			name = Products;
			sourceTree = "<group>";
		};
		18C2035A1F921BD600F99FB4 /* Vison+PickerOriginalImage */ = {
			isa = PBXGroup;
			children = (
				18C2035B1F921BD600F99FB4 /* AppDelegate.swift */,
				18C2035D1F921BD600F99FB4 /* ViewController.swift */,
				18C2035F1F921BD600F99FB4 /* Main.storyboard */,
				18C203621F921BD600F99FB4 /* Assets.xcassets */,
				18C203641F921BD600F99FB4 /* LaunchScreen.storyboard */,
				18C203671F921BD600F99FB4 /* Info.plist */,
			);
			path = "Vison+PickerOriginalImage";
			sourceTree = "<group>";
		};
		5268D2909FB70571E6346467 /* Pods */ = {
			isa = PBXGroup;
			children = (
				814DF3CE2F27D80FEC5EB15A /* Pods-Vison+PickerOriginalImage.debug.xcconfig */,
				2BC1FBF5196B4A0BB80EF185 /* Pods-Vison+PickerOriginalImage.release.xcconfig */,
			);
			name = Pods;
			sourceTree = "<group>";
		};
/* End PBXGroup section */

/* Begin PBXNativeTarget section */
		18C203571F921BD600F99FB4 /* Vison+PickerOriginalImage */ = {
			isa = PBXNativeTarget;
			buildConfigurationList = 18C2036A1F921BD600F99FB4 /* Build configuration list for PBXNativeTarget "Vison+PickerOriginalImage" */;
			buildPhases = (
				0E1962FAC28BD18429C55A6C /* [CP] Check Pods Manifest.lock */,
				18C203541F921BD600F99FB4 /* Sources */,
				18C203551F921BD600F99FB4 /* Frameworks */,
				18C203561F921BD600F99FB4 /* Resources */,
				C6B4794E9C1EDCA308038FEC /* [CP] Embed Pods Frameworks */,
				57BFD7CF689915E66CAC8E73 /* [CP] Copy Pods Resources */,
			);
			buildRules = (
			);
			dependencies = (
			);
			name = "Vison+PickerOriginalImage";
			productName = CITextFeature;
			productReference = 18C203581F921BD600F99FB4 /* Vison+PickerOriginalImage.app */;
			productType = "com.apple.product-type.application";
		};
/* End PBXNativeTarget section */

/* Begin PBXProject section */
		18C203501F921BD600F99FB4 /* Project object */ = {
			isa = PBXProject;
			attributes = {
				LastSwiftUpdateCheck = 0900;
				LastUpgradeCheck = 0900;
				ORGANIZATIONNAME = nsquare;
				TargetAttributes = {
					18C203571F921BD600F99FB4 = {
						CreatedOnToolsVersion = 9.0;
						ProvisioningStyle = Automatic;
					};
				};
			};
			buildConfigurationList = 18C203531F921BD600F99FB4 /* Build configuration list for PBXProject "Vison+PickerOriginalImage" */;
			compatibilityVersion = "Xcode 8.0";
			developmentRegion = en;
			hasScannedForEncodings = 0;
			knownRegions = (
				en,
				Base,
			);
			mainGroup = 18C2034F1F921BD600F99FB4;
			productRefGroup = 18C203591F921BD600F99FB4 /* Products */;
			projectDirPath = "";
			projectRoot = "";
			targets = (
				18C203571F921BD600F99FB4 /* Vison+PickerOriginalImage */,
			);
		};
/* End PBXProject section */

/* Begin PBXResourcesBuildPhase section */
		18C203561F921BD600F99FB4 /* Resources */ = {
			isa = PBXResourcesBuildPhase;
			buildActionMask = 2147483647;
			files = (
				18C203661F921BD600F99FB4 /* LaunchScreen.storyboard in Resources */,
				18C203631F921BD600F99FB4 /* Assets.xcassets in Resources */,
				18C203611F921BD600F99FB4 /* Main.storyboard in Resources */,
			);
			runOnlyForDeploymentPostprocessing = 0;
		};
/* End PBXResourcesBuildPhase section */

/* Begin PBXShellScriptBuildPhase section */
		0E1962FAC28BD18429C55A6C /* [CP] Check Pods Manifest.lock */ = {
			isa = PBXShellScriptBuildPhase;
			buildActionMask = 2147483647;
			files = (
			);
			inputPaths = (
				"${PODS_PODFILE_DIR_PATH}/Podfile.lock",
				"${PODS_ROOT}/Manifest.lock",
			);
			name = "[CP] Check Pods Manifest.lock";
			outputPaths = (
				"$(DERIVED_FILE_DIR)/Pods-Vison+PickerOriginalImage-checkManifestLockResult.txt",
			);
			runOnlyForDeploymentPostprocessing = 0;
			shellPath = /bin/sh;
			shellScript = "diff \"${PODS_PODFILE_DIR_PATH}/Podfile.lock\" \"${PODS_ROOT}/Manifest.lock\" > /dev/null\nif [ $? != 0 ] ; then\n    # print error to STDERR\n    echo \"error: The sandbox is not in sync with the Podfile.lock. Run 'pod install' or update your CocoaPods installation.\" >&2\n    exit 1\nfi\n# This output is used by Xcode 'outputs' to avoid re-running this script phase.\necho \"SUCCESS\" > \"${SCRIPT_OUTPUT_FILE_0}\"\n";
			showEnvVarsInLog = 0;
		};
		57BFD7CF689915E66CAC8E73 /* [CP] Copy Pods Resources */ = {
			isa = PBXShellScriptBuildPhase;
			buildActionMask = 2147483647;
			files = (
			);
			inputPaths = (
			);
			name = "[CP] Copy Pods Resources";
			outputPaths = (
			);
			runOnlyForDeploymentPostprocessing = 0;
			shellPath = /bin/sh;
			shellScript = "\"${SRCROOT}/Pods/Target Support Files/Pods-Vison+PickerOriginalImage/Pods-Vison+PickerOriginalImage-resources.sh\"\n";
			showEnvVarsInLog = 0;
		};
		C6B4794E9C1EDCA308038FEC /* [CP] Embed Pods Frameworks */ = {
			isa = PBXShellScriptBuildPhase;
			buildActionMask = 2147483647;
			files = (
			);
			inputPaths = (
				"${SRCROOT}/Pods/Target Support Files/Pods-Vison+PickerOriginalImage/Pods-Vison+PickerOriginalImage-frameworks.sh",
				"${BUILT_PRODUCTS_DIR}/PromiseKit/PromiseKit.framework",
			);
			name = "[CP] Embed Pods Frameworks";
			outputPaths = (
				"${TARGET_BUILD_DIR}/${FRAMEWORKS_FOLDER_PATH}/PromiseKit.framework",
			);
			runOnlyForDeploymentPostprocessing = 0;
			shellPath = /bin/sh;
			shellScript = "\"${SRCROOT}/Pods/Target Support Files/Pods-Vison+PickerOriginalImage/Pods-Vison+PickerOriginalImage-frameworks.sh\"\n";
			showEnvVarsInLog = 0;
		};
/* End PBXShellScriptBuildPhase section */

/* Begin PBXSourcesBuildPhase section */
		18C203541F921BD600F99FB4 /* Sources */ = {
			isa = PBXSourcesBuildPhase;
			buildActionMask = 2147483647;
			files = (
				18C2035E1F921BD600F99FB4 /* ViewController.swift in Sources */,
				18C2035C1F921BD600F99FB4 /* AppDelegate.swift in Sources */,
			);
			runOnlyForDeploymentPostprocessing = 0;
		};
/* End PBXSourcesBuildPhase section */

/* Begin PBXVariantGroup section */
		18C2035F1F921BD600F99FB4 /* Main.storyboard */ = {
			isa = PBXVariantGroup;
			children = (
				18C203601F921BD600F99FB4 /* Base */,
			);
			name = Main.storyboard;
			sourceTree = "<group>";
		};
		18C203641F921BD600F99FB4 /* LaunchScreen.storyboard */ = {
			isa = PBXVariantGroup;
			children = (
				18C203651F921BD600F99FB4 /* Base */,
			);
			name = LaunchScreen.storyboard;
			sourceTree = "<group>";
		};
/* End PBXVariantGroup section */

/* Begin XCBuildConfiguration section */
		18C203681F921BD600F99FB4 /* Debug */ = {
			isa = XCBuildConfiguration;
			buildSettings = {
				ALWAYS_SEARCH_USER_PATHS = NO;
				CLANG_ANALYZER_NONNULL = YES;
				CLANG_ANALYZER_NUMBER_OBJECT_CONVERSION = YES_AGGRESSIVE;
				CLANG_CXX_LANGUAGE_STANDARD = "gnu++14";
				CLANG_CXX_LIBRARY = "libc++";
				CLANG_ENABLE_MODULES = YES;
				CLANG_ENABLE_OBJC_ARC = YES;
				CLANG_WARN_BLOCK_CAPTURE_AUTORELEASING = YES;
				CLANG_WARN_BOOL_CONVERSION = YES;
				CLANG_WARN_COMMA = YES;
				CLANG_WARN_CONSTANT_CONVERSION = YES;
				CLANG_WARN_DIRECT_OBJC_ISA_USAGE = YES_ERROR;
				CLANG_WARN_DOCUMENTATION_COMMENTS = YES;
				CLANG_WARN_EMPTY_BODY = YES;
				CLANG_WARN_ENUM_CONVERSION = YES;
				CLANG_WARN_INFINITE_RECURSION = YES;
				CLANG_WARN_INT_CONVERSION = YES;
				CLANG_WARN_NON_LITERAL_NULL_CONVERSION = YES;
				CLANG_WARN_OBJC_LITERAL_CONVERSION = YES;
				CLANG_WARN_OBJC_ROOT_CLASS = YES_ERROR;
				CLANG_WARN_RANGE_LOOP_ANALYSIS = YES;
				CLANG_WARN_STRICT_PROTOTYPES = YES;
				CLANG_WARN_SUSPICIOUS_MOVE = YES;
				CLANG_WARN_UNGUARDED_AVAILABILITY = YES_AGGRESSIVE;
				CLANG_WARN_UNREACHABLE_CODE = YES;
				CLANG_WARN__DUPLICATE_METHOD_MATCH = YES;
				CODE_SIGN_IDENTITY = "iPhone Developer";
				COPY_PHASE_STRIP = NO;
				DEBUG_INFORMATION_FORMAT = dwarf;
				ENABLE_STRICT_OBJC_MSGSEND = YES;
				ENABLE_TESTABILITY = YES;
				GCC_C_LANGUAGE_STANDARD = gnu11;
				GCC_DYNAMIC_NO_PIC = NO;
				GCC_NO_COMMON_BLOCKS = YES;
				GCC_OPTIMIZATION_LEVEL = 0;
				GCC_PREPROCESSOR_DEFINITIONS = (
					"DEBUG=1",
					"$(inherited)",
				);
				GCC_WARN_64_TO_32_BIT_CONVERSION = YES;
				GCC_WARN_ABOUT_RETURN_TYPE = YES_ERROR;
				GCC_WARN_UNDECLARED_SELECTOR = YES;
				GCC_WARN_UNINITIALIZED_AUTOS = YES_AGGRESSIVE;
				GCC_WARN_UNUSED_FUNCTION = YES;
				GCC_WARN_UNUSED_VARIABLE = YES;
				IPHONEOS_DEPLOYMENT_TARGET = 11.0;
				MTL_ENABLE_DEBUG_INFO = YES;
				ONLY_ACTIVE_ARCH = YES;
				SDKROOT = iphoneos;
				SWIFT_ACTIVE_COMPILATION_CONDITIONS = DEBUG;
				SWIFT_OPTIMIZATION_LEVEL = "-Onone";
			};
			name = Debug;
		};
		18C203691F921BD600F99FB4 /* Release */ = {
			isa = XCBuildConfiguration;
			buildSettings = {
				ALWAYS_SEARCH_USER_PATHS = NO;
				CLANG_ANALYZER_NONNULL = YES;
				CLANG_ANALYZER_NUMBER_OBJECT_CONVERSION = YES_AGGRESSIVE;
				CLANG_CXX_LANGUAGE_STANDARD = "gnu++14";
				CLANG_CXX_LIBRARY = "libc++";
				CLANG_ENABLE_MODULES = YES;
				CLANG_ENABLE_OBJC_ARC = YES;
				CLANG_WARN_BLOCK_CAPTURE_AUTORELEASING = YES;
				CLANG_WARN_BOOL_CONVERSION = YES;
				CLANG_WARN_COMMA = YES;
				CLANG_WARN_CONSTANT_CONVERSION = YES;
				CLANG_WARN_DIRECT_OBJC_ISA_USAGE = YES_ERROR;
				CLANG_WARN_DOCUMENTATION_COMMENTS = YES;
				CLANG_WARN_EMPTY_BODY = YES;
				CLANG_WARN_ENUM_CONVERSION = YES;
				CLANG_WARN_INFINITE_RECURSION = YES;
				CLANG_WARN_INT_CONVERSION = YES;
				CLANG_WARN_NON_LITERAL_NULL_CONVERSION = YES;
				CLANG_WARN_OBJC_LITERAL_CONVERSION = YES;
				CLANG_WARN_OBJC_ROOT_CLASS = YES_ERROR;
				CLANG_WARN_RANGE_LOOP_ANALYSIS = YES;
				CLANG_WARN_STRICT_PROTOTYPES = YES;
				CLANG_WARN_SUSPICIOUS_MOVE = YES;
				CLANG_WARN_UNGUARDED_AVAILABILITY = YES_AGGRESSIVE;
				CLANG_WARN_UNREACHABLE_CODE = YES;
				CLANG_WARN__DUPLICATE_METHOD_MATCH = YES;
				CODE_SIGN_IDENTITY = "iPhone Developer";
				COPY_PHASE_STRIP = NO;
				DEBUG_INFORMATION_FORMAT = "dwarf-with-dsym";
				ENABLE_NS_ASSERTIONS = NO;
				ENABLE_STRICT_OBJC_MSGSEND = YES;
				GCC_C_LANGUAGE_STANDARD = gnu11;
				GCC_NO_COMMON_BLOCKS = YES;
				GCC_WARN_64_TO_32_BIT_CONVERSION = YES;
				GCC_WARN_ABOUT_RETURN_TYPE = YES_ERROR;
				GCC_WARN_UNDECLARED_SELECTOR = YES;
				GCC_WARN_UNINITIALIZED_AUTOS = YES_AGGRESSIVE;
				GCC_WARN_UNUSED_FUNCTION = YES;
				GCC_WARN_UNUSED_VARIABLE = YES;
				IPHONEOS_DEPLOYMENT_TARGET = 11.0;
				MTL_ENABLE_DEBUG_INFO = NO;
				SDKROOT = iphoneos;
				SWIFT_OPTIMIZATION_LEVEL = "-Owholemodule";
				VALIDATE_PRODUCT = YES;
			};
			name = Release;
		};
		18C2036B1F921BD600F99FB4 /* Debug */ = {
			isa = XCBuildConfiguration;
			baseConfigurationReference = 814DF3CE2F27D80FEC5EB15A /* Pods-Vison+PickerOriginalImage.debug.xcconfig */;
			buildSettings = {
				ASSETCATALOG_COMPILER_APPICON_NAME = AppIcon;
				CODE_SIGN_STYLE = Automatic;
				DEVELOPMENT_TEAM = 9H7A52S7FB;
				INFOPLIST_FILE = "$(TARGET_NAME)/Info.plist";
				LD_RUNPATH_SEARCH_PATHS = "$(inherited) @executable_path/Frameworks";
				PRODUCT_BUNDLE_IDENTIFIER = com.nsquare.CITextFeature;
				PRODUCT_NAME = "$(TARGET_NAME)";
				SWIFT_VERSION = 4.0;
				TARGETED_DEVICE_FAMILY = "1,2";
			};
			name = Debug;
		};
		18C2036C1F921BD600F99FB4 /* Release */ = {
			isa = XCBuildConfiguration;
			baseConfigurationReference = 2BC1FBF5196B4A0BB80EF185 /* Pods-Vison+PickerOriginalImage.release.xcconfig */;
			buildSettings = {
				ASSETCATALOG_COMPILER_APPICON_NAME = AppIcon;
				CODE_SIGN_STYLE = Automatic;
				DEVELOPMENT_TEAM = 9H7A52S7FB;
				INFOPLIST_FILE = "$(TARGET_NAME)/Info.plist";
				LD_RUNPATH_SEARCH_PATHS = "$(inherited) @executable_path/Frameworks";
				PRODUCT_BUNDLE_IDENTIFIER = com.nsquare.CITextFeature;
				PRODUCT_NAME = "$(TARGET_NAME)";
				SWIFT_VERSION = 4.0;
				TARGETED_DEVICE_FAMILY = "1,2";
			};
			name = Release;
		};
/* End XCBuildConfiguration section */

/* Begin XCConfigurationList section */
		18C203531F921BD600F99FB4 /* Build configuration list for PBXProject "Vison+PickerOriginalImage" */ = {
			isa = XCConfigurationList;
			buildConfigurations = (
				18C203681F921BD600F99FB4 /* Debug */,
				18C203691F921BD600F99FB4 /* Release */,
			);
			defaultConfigurationIsVisible = 0;
			defaultConfigurationName = Release;
		};
		18C2036A1F921BD600F99FB4 /* Build configuration list for PBXNativeTarget "Vison+PickerOriginalImage" */ = {
			isa = XCConfigurationList;
			buildConfigurations = (
				18C2036B1F921BD600F99FB4 /* Debug */,
				18C2036C1F921BD600F99FB4 /* Release */,
			);
			defaultConfigurationIsVisible = 0;
			defaultConfigurationName = Release;
		};
/* End XCConfigurationList section */
	};
	rootObject = 18C203501F921BD600F99FB4 /* Project object */;
}
